
Microsoft Visual Studio Solution File, Format Version 12.00
# Visual Studio Version 16
VisualStudioVersion = 16.0.30204.135
MinimumVisualStudioVersion = 10.0.40219.1
Project("{FAE04EC0-301F-11D3-BF4B-00C04F79EFBC}") = "Notes.Android", "Notes\Notes.Android\Notes.Android.csproj", "{02E6C89D-68CC-426C-9D11-13641C269E2E}"
EndProject
Project("{FAE04EC0-301F-11D3-BF4B-00C04F79EFBC}") = "Notes.iOS", "Notes\Notes.iOS\Notes.iOS.csproj", "{BAB8DA1B-06D0-49D6-8A11-4D7435802499}"
EndProject
Project("{FAE04EC0-301F-11D3-BF4B-00C04F79EFBC}") = "Notes", "Notes\Notes\Notes.csproj", "{97CA2B90-DB61-4E20-9A41-94D57531D8EF}"
EndProject
Global
	GlobalSection(SolutionConfigurationPlatforms) = preSolution
		Debug|Any CPU = Debug|Any CPU
		Debug|iPhone = Debug|iPhone
		Debug|iPhoneSimulator = Debug|iPhoneSimulator
		Release|Any CPU = Release|Any CPU
		Release|iPhone = Release|iPhone
		Release|iPhoneSimulator = Release|iPhoneSimulator
	EndGlobalSection
	GlobalSection(ProjectConfigurationPlatforms) = postSolution
		{02E6C89D-68CC-426C-9D11-13641C269E2E}.Debug|Any CPU.ActiveCfg = Debug|Any CPU
		{02E6C89D-68CC-426C-9D11-13641C269E2E}.Debug|Any CPU.Build.0 = Debug|Any CPU
		{02E6C89D-68CC-426C-9D11-13641C269E2E}.Debug|Any CPU.Deploy.0 = Debug|Any CPU
		{02E6C89D-68CC-426C-9D11-13641C269E2E}.Debug|iPhone.ActiveCfg = Debug|Any CPU
		{02E6C89D-68CC-426C-9D11-13641C269E2E}.Debug|iPhone.Build.0 = Debug|Any CPU
		{02E6C89D-68CC-426C-9D11-13641C269E2E}.Debug|iPhone.Deploy.0 = Debug|Any CPU
		{02E6C89D-68CC-426C-9D11-13641C269E2E}.Debug|iPhoneSimulator.ActiveCfg = Debug|Any CPU
		{02E6C89D-68CC-426C-9D11-13641C269E2E}.Debug|iPhoneSimulator.Build.0 = Debug|Any CPU
		{02E6C89D-68CC-426C-9D11-13641C269E2E}.Debug|iPhoneSimulator.Deploy.0 = Debug|Any CPU
		{02E6C89D-68CC-426C-9D11-13641C269E2E}.Release|Any CPU.ActiveCfg = Release|Any CPU
		{02E6C89D-68CC-426C-9D11-13641C269E2E}.Release|Any CPU.Build.0 = Release|Any CPU
		{02E6C89D-68CC-426C-9D11-13641C269E2E}.Release|Any CPU.Deploy.0 = Release|Any CPU
		{02E6C89D-68CC-426C-9D11-13641C269E2E}.Release|iPhone.ActiveCfg = Release|Any CPU
		{02E6C89D-68CC-426C-9D11-13641C269E2E}.Release|iPhone.Build.0 = Release|Any CPU
		{02E6C89D-68CC-426C-9D11-13641C269E2E}.Release|iPhone.Deploy.0 = Release|Any CPU
		{02E6C89D-68CC-426C-9D11-13641C269E2E}.Release|iPhoneSimulator.ActiveCfg = Release|Any CPU
		{02E6C89D-68CC-426C-9D11-13641C269E2E}.Release|iPhoneSimulator.Build.0 = Release|Any CPU
		{02E6C89D-68CC-426C-9D11-13641C269E2E}.Release|iPhoneSimulator.Deploy.0 = Release|Any CPU
		{BAB8DA1B-06D0-49D6-8A11-4D7435802499}.Debug|Any CPU.ActiveCfg = Debug|iPhone
		{BAB8DA1B-06D0-49D6-8A11-4D7435802499}.Debug|Any CPU.Build.0 = Debug|iPhone
		{BAB8DA1B-06D0-49D6-8A11-4D7435802499}.Debug|Any CPU.Deploy.0 = Debug|iPhone
		{BAB8DA1B-06D0-49D6-8A11-4D7435802499}.Debug|iPhone.ActiveCfg = Debug|iPhone
		{BAB8DA1B-06D0-49D6-8A11-4D7435802499}.Debug|iPhone.Build.0 = Debug|iPhone
		{BAB8DA1B-06D0-49D6-8A11-4D7435802499}.Debug|iPhone.Deploy.0 = Debug|iPhone
		{BAB8DA1B-06D0-49D6-8A11-4D7435802499}.Debug|iPhoneSimulator.ActiveCfg = Debug|iPhoneSimulator
		{BAB8DA1B-06D0-49D6-8A11-4D7435802499}.Debug|iPhoneSimulator.Build.0 = Debug|iPhoneSimulator
		{BAB8DA1B-06D0-49D6-8A11-4D7435802499}.Debug|iPhoneSimulator.Deploy.0 = Debug|iPhoneSimulator
		{BAB8DA1B-06D0-49D6-8A11-4D7435802499}.Release|Any CPU.ActiveCfg = Release|iPhone
		{BAB8DA1B-06D0-49D6-8A11-4D7435802499}.Release|Any CPU.Build.0 = Release|iPhone
		{BAB8DA1B-06D0-49D6-8A11-4D7435802499}.Release|Any CPU.Deploy.0 = Release|iPhone
		{BAB8DA1B-06D0-49D6-8A11-4D7435802499}.Release|iPhone.ActiveCfg = Release|iPhone
		{BAB8DA1B-06D0-49D6-8A11-4D7435802499}.Release|iPhone.Build.0 = Release|iPhone
		{BAB8DA1B-06D0-49D6-8A11-4D7435802499}.Release|iPhone.Deploy.0 = Release|iPhone
		{BAB8DA1B-06D0-49D6-8A11-4D7435802499}.Release|iPhoneSimulator.ActiveCfg = Release|iPhoneSimulator
		{BAB8DA1B-06D0-49D6-8A11-4D7435802499}.Release|iPhoneSimulator.Build.0 = Release|iPhoneSimulator
		{BAB8DA1B-06D0-49D6-8A11-4D7435802499}.Release|iPhoneSimulator.Deploy.0 = Release|iPhoneSimulator
		{97CA2B90-DB61-4E20-9A41-94D57531D8EF}.Debug|Any CPU.ActiveCfg = Debug|Any CPU
		{97CA2B90-DB61-4E20-9A41-94D57531D8EF}.Debug|Any CPU.Build.0 = Debug|Any CPU
		{97CA2B90-DB61-4E20-9A41-94D57531D8EF}.Debug|Any CPU.Deploy.0 = Debug|Any CPU
		{97CA2B90-DB61-4E20-9A41-94D57531D8EF}.Debug|iPhone.ActiveCfg = Debug|Any CPU
		{97CA2B90-DB61-4E20-9A41-94D57531D8EF}.Debug|iPhone.Build.0 = Debug|Any CPU
		{97CA2B90-DB61-4E20-9A41-94D57531D8EF}.Debug|iPhone.Deploy.0 = Debug|Any CPU
		{97CA2B90-DB61-4E20-9A41-94D57531D8EF}.Debug|iPhoneSimulator.ActiveCfg = Debug|Any CPU
		{97CA2B90-DB61-4E20-9A41-94D57531D8EF}.Debug|iPhoneSimulator.Build.0 = Debug|Any CPU
		{97CA2B90-DB61-4E20-9A41-94D57531D8EF}.Debug|iPhoneSimulator.Deploy.0 = Debug|Any CPU
		{97CA2B90-DB61-4E20-9A41-94D57531D8EF}.Release|Any CPU.ActiveCfg = Release|Any CPU
		{97CA2B90-DB61-4E20-9A41-94D57531D8EF}.Release|Any CPU.Build.0 = Release|Any CPU
		{97CA2B90-DB61-4E20-9A41-94D57531D8EF}.Release|Any CPU.Deploy.0 = Release|Any CPU
		{97CA2B90-DB61-4E20-9A41-94D57531D8EF}.Release|iPhone.ActiveCfg = Release|Any CPU
		{97CA2B90-DB61-4E20-9A41-94D57531D8EF}.Release|iPhone.Build.0 = Release|Any CPU
		{97CA2B90-DB61-4E20-9A41-94D57531D8EF}.Release|iPhone.Deploy.0 = Release|Any CPU
		{97CA2B90-DB61-4E20-9A41-94D57531D8EF}.Release|iPhoneSimulator.ActiveCfg = Release|Any CPU
		{97CA2B90-DB61-4E20-9A41-94D57531D8EF}.Release|iPhoneSimulator.Build.0 = Release|Any CPU
		{97CA2B90-DB61-4E20-9A41-94D57531D8EF}.Release|iPhoneSimulator.Deploy.0 = Release|Any CPU
	EndGlobalSection
	GlobalSection(SolutionProperties) = preSolution
		HideSolutionNode = FALSE
	EndGlobalSection
	GlobalSection(ExtensibilityGlobals) = postSolution
		SolutionGuid = {A9D9C439-0D3A-4837-ABC9-52226D151788}
	EndGlobalSection
EndGlobal
